// !$*UTF8*$!
{
	archiveVersion = 1;
	classes = {
	};
	objectVersion = 56;
	objects = {

/* Begin PBXBuildFile section */
		D50154322BEA7CA200AA20B8 /* WeSplit.swift in Sources */ = {isa = PBXBuildFile; fileRef = D50154312BEA7CA200AA20B8 /* WeSplit.swift */; };
		D53B871D2BEE58D1003B56AE /* CapsuleText.swift in Sources */ = {isa = PBXBuildFile; fileRef = D53B871C2BEE58D1003B56AE /* CapsuleText.swift */; };
		D53B871F2BEE58F2003B56AE /* Watermark.swift in Sources */ = {isa = PBXBuildFile; fileRef = D53B871E2BEE58F2003B56AE /* Watermark.swift */; };
		D53B87222BEE5951003B56AE /* GridStack.swift in Sources */ = {isa = PBXBuildFile; fileRef = D53B87212BEE5951003B56AE /* GridStack.swift */; };
		D53B87242BEE5A56003B56AE /* Title.swift in Sources */ = {isa = PBXBuildFile; fileRef = D53B87232BEE5A56003B56AE /* Title.swift */; };
		D53B87262BEE5EE9003B56AE /* WTFColor.swift in Sources */ = {isa = PBXBuildFile; fileRef = D53B87252BEE5EE9003B56AE /* WTFColor.swift */; };
		D53B87282BEE6106003B56AE /* FlagImage.swift in Sources */ = {isa = PBXBuildFile; fileRef = D53B87272BEE6106003B56AE /* FlagImage.swift */; };
		D53B872A2BEE6400003B56AE /* BlueTitle.swift in Sources */ = {isa = PBXBuildFile; fileRef = D53B87292BEE6400003B56AE /* BlueTitle.swift */; };
		D53B872C2BEE6C41003B56AE /* BetterRest.swift in Sources */ = {isa = PBXBuildFile; fileRef = D53B872B2BEE6C41003B56AE /* BetterRest.swift */; };
		D53B87302BEE6D70003B56AE /* SleepCalculator.mlmodel in Sources */ = {isa = PBXBuildFile; fileRef = D53B872E2BEE6D70003B56AE /* SleepCalculator.mlmodel */; };
		D53B87312BEE6D70003B56AE /* BetterRest.csv in Resources */ = {isa = PBXBuildFile; fileRef = D53B872F2BEE6D70003B56AE /* BetterRest.csv */; };
		D54EDBAB2BF3A64B00646972 /* PurpleHeadLine.swift in Sources */ = {isa = PBXBuildFile; fileRef = D54EDBAA2BF3A64B00646972 /* PurpleHeadLine.swift */; };
		D5764A4E2BF3AD4000DCD0D5 /* SleepCalculator.mlproj in Resources */ = {isa = PBXBuildFile; fileRef = D5764A4D2BF3AD4000DCD0D5 /* SleepCalculator.mlproj */; };
		D576E6F32BF65A9500D2F979 /* WordScramble.swift in Sources */ = {isa = PBXBuildFile; fileRef = D576E6F22BF65A9500D2F979 /* WordScramble.swift */; };
		D57E1EA02BED121D00EBAC7D /* ViewsAndModifiers.swift in Sources */ = {isa = PBXBuildFile; fileRef = D57E1E9F2BED121D00EBAC7D /* ViewsAndModifiers.swift */; };
		D59A42CD2BEA34AE001EB371 /* HWSwiftUIApp.swift in Sources */ = {isa = PBXBuildFile; fileRef = D59A42CC2BEA34AE001EB371 /* HWSwiftUIApp.swift */; };
		D59A42CF2BEA34AE001EB371 /* ContentView.swift in Sources */ = {isa = PBXBuildFile; fileRef = D59A42CE2BEA34AE001EB371 /* ContentView.swift */; };
		D59A42D12BEA34B0001EB371 /* Assets.xcassets in Resources */ = {isa = PBXBuildFile; fileRef = D59A42D02BEA34B0001EB371 /* Assets.xcassets */; };
		D59A42D52BEA34B0001EB371 /* Preview Assets.xcassets in Resources */ = {isa = PBXBuildFile; fileRef = D59A42D42BEA34B0001EB371 /* Preview Assets.xcassets */; };
		D59A42E02BEA6F34001EB371 /* NavView.swift in Sources */ = {isa = PBXBuildFile; fileRef = D59A42DF2BEA6F34001EB371 /* NavView.swift */; };
		D5A136242BF7AC2A005ED8B8 /* start.txt in Resources */ = {isa = PBXBuildFile; fileRef = D5A136232BF7AC2A005ED8B8 /* start.txt */; };
		D5A5BDAC2BEB8C84002EED5F /* GuessTheFlag.swift in Sources */ = {isa = PBXBuildFile; fileRef = D5A5BDAB2BEB8C84002EED5F /* GuessTheFlag.swift */; };
		D5C4EC162C05C20800A4D65C /* Animations.swift in Sources */ = {isa = PBXBuildFile; fileRef = D5C4EC152C05C20800A4D65C /* Animations.swift */; };
		D5C4EC192C05C24A00A4D65C /* Implicit.swift in Sources */ = {isa = PBXBuildFile; fileRef = D5C4EC182C05C24A00A4D65C /* Implicit.swift */; };
		D5C4EC1B2C05C66A00A4D65C /* AnimBindings.swift in Sources */ = {isa = PBXBuildFile; fileRef = D5C4EC1A2C05C66A00A4D65C /* AnimBindings.swift */; };
		D5C4EC1D2C05C7D200A4D65C /* Explicit.swift in Sources */ = {isa = PBXBuildFile; fileRef = D5C4EC1C2C05C7D200A4D65C /* Explicit.swift */; };
		D5C4EC1F2C05C90500A4D65C /* AnimStack.swift in Sources */ = {isa = PBXBuildFile; fileRef = D5C4EC1E2C05C90400A4D65C /* AnimStack.swift */; };
		D5C4EC212C05D08E00A4D65C /* AnimGestures.swift in Sources */ = {isa = PBXBuildFile; fileRef = D5C4EC202C05D08E00A4D65C /* AnimGestures.swift */; };
/* End PBXBuildFile section */

/* Begin PBXFileReference section */
		D50154312BEA7CA200AA20B8 /* WeSplit.swift */ = {isa = PBXFileReference; lastKnownFileType = sourcecode.swift; path = WeSplit.swift; sourceTree = "<group>"; };
		D53B871C2BEE58D1003B56AE /* CapsuleText.swift */ = {isa = PBXFileReference; lastKnownFileType = sourcecode.swift; path = CapsuleText.swift; sourceTree = "<group>"; };
		D53B871E2BEE58F2003B56AE /* Watermark.swift */ = {isa = PBXFileReference; lastKnownFileType = sourcecode.swift; path = Watermark.swift; sourceTree = "<group>"; };
		D53B87212BEE5951003B56AE /* GridStack.swift */ = {isa = PBXFileReference; lastKnownFileType = sourcecode.swift; path = GridStack.swift; sourceTree = "<group>"; };
		D53B87232BEE5A56003B56AE /* Title.swift */ = {isa = PBXFileReference; lastKnownFileType = sourcecode.swift; path = Title.swift; sourceTree = "<group>"; };
		D53B87252BEE5EE9003B56AE /* WTFColor.swift */ = {isa = PBXFileReference; lastKnownFileType = sourcecode.swift; path = WTFColor.swift; sourceTree = "<group>"; };
		D53B87272BEE6106003B56AE /* FlagImage.swift */ = {isa = PBXFileReference; lastKnownFileType = sourcecode.swift; path = FlagImage.swift; sourceTree = "<group>"; };
		D53B87292BEE6400003B56AE /* BlueTitle.swift */ = {isa = PBXFileReference; lastKnownFileType = sourcecode.swift; path = BlueTitle.swift; sourceTree = "<group>"; };
		D53B872B2BEE6C41003B56AE /* BetterRest.swift */ = {isa = PBXFileReference; lastKnownFileType = sourcecode.swift; path = BetterRest.swift; sourceTree = "<group>"; };
		D53B872E2BEE6D70003B56AE /* SleepCalculator.mlmodel */ = {isa = PBXFileReference; lastKnownFileType = file.mlmodel; path = SleepCalculator.mlmodel; sourceTree = "<group>"; };
		D53B872F2BEE6D70003B56AE /* BetterRest.csv */ = {isa = PBXFileReference; fileEncoding = 4; lastKnownFileType = text; path = BetterRest.csv; sourceTree = "<group>"; };
		D54EDBAA2BF3A64B00646972 /* PurpleHeadLine.swift */ = {isa = PBXFileReference; lastKnownFileType = sourcecode.swift; path = PurpleHeadLine.swift; sourceTree = "<group>"; };
		D5764A4D2BF3AD4000DCD0D5 /* SleepCalculator.mlproj */ = {isa = PBXFileReference; lastKnownFileType = wrapper; path = SleepCalculator.mlproj; sourceTree = "<group>"; };
		D576E6F22BF65A9500D2F979 /* WordScramble.swift */ = {isa = PBXFileReference; lastKnownFileType = sourcecode.swift; path = WordScramble.swift; sourceTree = "<group>"; };
		D57E1E9F2BED121D00EBAC7D /* ViewsAndModifiers.swift */ = {isa = PBXFileReference; lastKnownFileType = sourcecode.swift; path = ViewsAndModifiers.swift; sourceTree = "<group>"; };
		D59A42C92BEA34AE001EB371 /* HWSwiftUI.app */ = {isa = PBXFileReference; explicitFileType = wrapper.application; includeInIndex = 0; path = HWSwiftUI.app; sourceTree = BUILT_PRODUCTS_DIR; };
		D59A42CC2BEA34AE001EB371 /* HWSwiftUIApp.swift */ = {isa = PBXFileReference; lastKnownFileType = sourcecode.swift; path = HWSwiftUIApp.swift; sourceTree = "<group>"; };
		D59A42CE2BEA34AE001EB371 /* ContentView.swift */ = {isa = PBXFileReference; lastKnownFileType = sourcecode.swift; path = ContentView.swift; sourceTree = "<group>"; };
		D59A42D02BEA34B0001EB371 /* Assets.xcassets */ = {isa = PBXFileReference; lastKnownFileType = folder.assetcatalog; path = Assets.xcassets; sourceTree = "<group>"; };
		D59A42D22BEA34B0001EB371 /* HWSwiftUI.entitlements */ = {isa = PBXFileReference; lastKnownFileType = text.plist.entitlements; path = HWSwiftUI.entitlements; sourceTree = "<group>"; };
		D59A42D42BEA34B0001EB371 /* Preview Assets.xcassets */ = {isa = PBXFileReference; lastKnownFileType = folder.assetcatalog; path = "Preview Assets.xcassets"; sourceTree = "<group>"; };
		D59A42DF2BEA6F34001EB371 /* NavView.swift */ = {isa = PBXFileReference; lastKnownFileType = sourcecode.swift; path = NavView.swift; sourceTree = "<group>"; };
		D5A136232BF7AC2A005ED8B8 /* start.txt */ = {isa = PBXFileReference; fileEncoding = 4; lastKnownFileType = text; path = start.txt; sourceTree = "<group>"; };
		D5A5BDAB2BEB8C84002EED5F /* GuessTheFlag.swift */ = {isa = PBXFileReference; lastKnownFileType = sourcecode.swift; path = GuessTheFlag.swift; sourceTree = "<group>"; };
		D5C4EC152C05C20800A4D65C /* Animations.swift */ = {isa = PBXFileReference; lastKnownFileType = sourcecode.swift; path = Animations.swift; sourceTree = "<group>"; };
		D5C4EC182C05C24A00A4D65C /* Implicit.swift */ = {isa = PBXFileReference; lastKnownFileType = sourcecode.swift; path = Implicit.swift; sourceTree = "<group>"; };
		D5C4EC1A2C05C66A00A4D65C /* AnimBindings.swift */ = {isa = PBXFileReference; lastKnownFileType = sourcecode.swift; path = AnimBindings.swift; sourceTree = "<group>"; };
		D5C4EC1C2C05C7D200A4D65C /* Explicit.swift */ = {isa = PBXFileReference; lastKnownFileType = sourcecode.swift; path = Explicit.swift; sourceTree = "<group>"; };
		D5C4EC1E2C05C90400A4D65C /* AnimStack.swift */ = {isa = PBXFileReference; lastKnownFileType = sourcecode.swift; path = AnimStack.swift; sourceTree = "<group>"; };
		D5C4EC202C05D08E00A4D65C /* AnimGestures.swift */ = {isa = PBXFileReference; lastKnownFileType = sourcecode.swift; path = AnimGestures.swift; sourceTree = "<group>"; };
/* End PBXFileReference section */

/* Begin PBXFrameworksBuildPhase section */
		D59A42C62BEA34AE001EB371 /* Frameworks */ = {
			isa = PBXFrameworksBuildPhase;
			buildActionMask = 2147483647;
			files = (
			);
			runOnlyForDeploymentPostprocessing = 0;
		};
/* End PBXFrameworksBuildPhase section */

/* Begin PBXGroup section */
		D50154302BEA7C9500AA20B8 /* App */ = {
			isa = PBXGroup;
			children = (
				D50154312BEA7CA200AA20B8 /* WeSplit.swift */,
				D5A5BDAB2BEB8C84002EED5F /* GuessTheFlag.swift */,
				D57E1E9F2BED121D00EBAC7D /* ViewsAndModifiers.swift */,
				D53B872B2BEE6C41003B56AE /* BetterRest.swift */,
				D576E6F22BF65A9500D2F979 /* WordScramble.swift */,
				D5C4EC152C05C20800A4D65C /* Animations.swift */,
			);
			path = App;
			sourceTree = "<group>";
		};
		D53B871B2BEE58BA003B56AE /* View+extensions */ = {
			isa = PBXGroup;
			children = (
				D53B871C2BEE58D1003B56AE /* CapsuleText.swift */,
				D53B87272BEE6106003B56AE /* FlagImage.swift */,
				D59A42DF2BEA6F34001EB371 /* NavView.swift */,
				D54EDBAA2BF3A64B00646972 /* PurpleHeadLine.swift */,
			);
			path = "View+extensions";
			sourceTree = "<group>";
		};
		D53B87202BEE5936003B56AE /* Modifiers */ = {
			isa = PBXGroup;
			children = (
				D53B87212BEE5951003B56AE /* GridStack.swift */,
				D53B871E2BEE58F2003B56AE /* Watermark.swift */,
				D53B87232BEE5A56003B56AE /* Title.swift */,
				D53B87252BEE5EE9003B56AE /* WTFColor.swift */,
				D53B87292BEE6400003B56AE /* BlueTitle.swift */,
			);
			path = Modifiers;
			sourceTree = "<group>";
		};
		D53B872D2BEE6D59003B56AE /* DataFiles */ = {
			isa = PBXGroup;
			children = (
				D5764A4D2BF3AD4000DCD0D5 /* SleepCalculator.mlproj */,
				D5A136232BF7AC2A005ED8B8 /* start.txt */,
				D53B872F2BEE6D70003B56AE /* BetterRest.csv */,
				D53B872E2BEE6D70003B56AE /* SleepCalculator.mlmodel */,
			);
			path = DataFiles;
			sourceTree = "<group>";
		};
		D59A42C02BEA34AE001EB371 = {
			isa = PBXGroup;
			children = (
				D59A42CB2BEA34AE001EB371 /* HWSwiftUI */,
				D59A42CA2BEA34AE001EB371 /* Products */,
			);
			sourceTree = "<group>";
		};
		D59A42CA2BEA34AE001EB371 /* Products */ = {
			isa = PBXGroup;
			children = (
				D59A42C92BEA34AE001EB371 /* HWSwiftUI.app */,
			);
			name = Products;
			sourceTree = "<group>";
		};
		D59A42CB2BEA34AE001EB371 /* HWSwiftUI */ = {
			isa = PBXGroup;
			children = (
				D5C4EC172C05C24100A4D65C /* Animations */,
				D53B87202BEE5936003B56AE /* Modifiers */,
				D53B871B2BEE58BA003B56AE /* View+extensions */,
				D50154302BEA7C9500AA20B8 /* App */,
				D59A42DE2BEA6F1B001EB371 /* Utils */,
				D59A42CC2BEA34AE001EB371 /* HWSwiftUIApp.swift */,
				D59A42CE2BEA34AE001EB371 /* ContentView.swift */,
				D59A42D02BEA34B0001EB371 /* Assets.xcassets */,
				D59A42D22BEA34B0001EB371 /* HWSwiftUI.entitlements */,
				D53B872D2BEE6D59003B56AE /* DataFiles */,
				D59A42D32BEA34B0001EB371 /* Preview Content */,
			);
			path = HWSwiftUI;
			sourceTree = "<group>";
		};
		D59A42D32BEA34B0001EB371 /* Preview Content */ = {
			isa = PBXGroup;
			children = (
				D59A42D42BEA34B0001EB371 /* Preview Assets.xcassets */,
			);
			path = "Preview Content";
			sourceTree = "<group>";
		};
		D59A42DE2BEA6F1B001EB371 /* Utils */ = {
			isa = PBXGroup;
			children = (
			);
			path = Utils;
			sourceTree = "<group>";
		};
		D5C4EC172C05C24100A4D65C /* Animations */ = {
			isa = PBXGroup;
			children = (
				D5C4EC182C05C24A00A4D65C /* Implicit.swift */,
				D5C4EC1A2C05C66A00A4D65C /* AnimBindings.swift */,
				D5C4EC1C2C05C7D200A4D65C /* Explicit.swift */,
				D5C4EC1E2C05C90400A4D65C /* AnimStack.swift */,
				D5C4EC202C05D08E00A4D65C /* AnimGestures.swift */,
			);
			path = Animations;
			sourceTree = "<group>";
		};
/* End PBXGroup section */

/* Begin PBXNativeTarget section */
		D59A42C82BEA34AE001EB371 /* HWSwiftUI */ = {
			isa = PBXNativeTarget;
			buildConfigurationList = D59A42D82BEA34B0001EB371 /* Build configuration list for PBXNativeTarget "HWSwiftUI" */;
			buildPhases = (
				D59A42C52BEA34AE001EB371 /* Sources */,
				D59A42C62BEA34AE001EB371 /* Frameworks */,
				D59A42C72BEA34AE001EB371 /* Resources */,
			);
			buildRules = (
			);
			dependencies = (
			);
			name = HWSwiftUI;
			productName = HWSwiftUI;
			productReference = D59A42C92BEA34AE001EB371 /* HWSwiftUI.app */;
			productType = "com.apple.product-type.application";
		};
/* End PBXNativeTarget section */

/* Begin PBXProject section */
		D59A42C12BEA34AE001EB371 /* Project object */ = {
			isa = PBXProject;
			attributes = {
				BuildIndependentTargetsInParallel = 1;
				LastSwiftUpdateCheck = 1520;
				LastUpgradeCheck = 1520;
				TargetAttributes = {
					D59A42C82BEA34AE001EB371 = {
						CreatedOnToolsVersion = 15.2;
					};
				};
			};
			buildConfigurationList = D59A42C42BEA34AE001EB371 /* Build configuration list for PBXProject "HWSwiftUI" */;
			compatibilityVersion = "Xcode 14.0";
			developmentRegion = en;
			hasScannedForEncodings = 0;
			knownRegions = (
				en,
				Base,
			);
			mainGroup = D59A42C02BEA34AE001EB371;
			productRefGroup = D59A42CA2BEA34AE001EB371 /* Products */;
			projectDirPath = "";
			projectRoot = "";
			targets = (
				D59A42C82BEA34AE001EB371 /* HWSwiftUI */,
			);
		};
/* End PBXProject section */

/* Begin PBXResourcesBuildPhase section */
		D59A42C72BEA34AE001EB371 /* Resources */ = {
			isa = PBXResourcesBuildPhase;
			buildActionMask = 2147483647;
			files = (
				D59A42D52BEA34B0001EB371 /* Preview Assets.xcassets in Resources */,
				D53B87312BEE6D70003B56AE /* BetterRest.csv in Resources */,
				D59A42D12BEA34B0001EB371 /* Assets.xcassets in Resources */,
				D5764A4E2BF3AD4000DCD0D5 /* SleepCalculator.mlproj in Resources */,
				D5A136242BF7AC2A005ED8B8 /* start.txt in Resources */,
			);
			runOnlyForDeploymentPostprocessing = 0;
		};
/* End PBXResourcesBuildPhase section */

/* Begin PBXSourcesBuildPhase section */
		D59A42C52BEA34AE001EB371 /* Sources */ = {
			isa = PBXSourcesBuildPhase;
			buildActionMask = 2147483647;
			files = (
				D53B87262BEE5EE9003B56AE /* WTFColor.swift in Sources */,
				D54EDBAB2BF3A64B00646972 /* PurpleHeadLine.swift in Sources */,
				D53B872A2BEE6400003B56AE /* BlueTitle.swift in Sources */,
				D53B87242BEE5A56003B56AE /* Title.swift in Sources */,
				D53B871F2BEE58F2003B56AE /* Watermark.swift in Sources */,
				D5C4EC1D2C05C7D200A4D65C /* Explicit.swift in Sources */,
				D576E6F32BF65A9500D2F979 /* WordScramble.swift in Sources */,
				D50154322BEA7CA200AA20B8 /* WeSplit.swift in Sources */,
				D53B872C2BEE6C41003B56AE /* BetterRest.swift in Sources */,
				D5C4EC192C05C24A00A4D65C /* Implicit.swift in Sources */,
				D53B87222BEE5951003B56AE /* GridStack.swift in Sources */,
				D53B87302BEE6D70003B56AE /* SleepCalculator.mlmodel in Sources */,
				D59A42E02BEA6F34001EB371 /* NavView.swift in Sources */,
				D5C4EC1B2C05C66A00A4D65C /* AnimBindings.swift in Sources */,
				D59A42CF2BEA34AE001EB371 /* ContentView.swift in Sources */,
				D53B87282BEE6106003B56AE /* FlagImage.swift in Sources */,
				D57E1EA02BED121D00EBAC7D /* ViewsAndModifiers.swift in Sources */,
				D5C4EC1F2C05C90500A4D65C /* AnimStack.swift in Sources */,
				D5C4EC162C05C20800A4D65C /* Animations.swift in Sources */,
				D59A42CD2BEA34AE001EB371 /* HWSwiftUIApp.swift in Sources */,
				D5A5BDAC2BEB8C84002EED5F /* GuessTheFlag.swift in Sources */,
				D5C4EC212C05D08E00A4D65C /* AnimGestures.swift in Sources */,
				D53B871D2BEE58D1003B56AE /* CapsuleText.swift in Sources */,
			);
			runOnlyForDeploymentPostprocessing = 0;
		};
/* End PBXSourcesBuildPhase section */

/* Begin XCBuildConfiguration section */
		D59A42D62BEA34B0001EB371 /* Debug */ = {
			isa = XCBuildConfiguration;
			buildSettings = {
				ALWAYS_SEARCH_USER_PATHS = NO;
				ASSETCATALOG_COMPILER_GENERATE_SWIFT_ASSET_SYMBOL_EXTENSIONS = YES;
				CLANG_ANALYZER_NONNULL = YES;
				CLANG_ANALYZER_NUMBER_OBJECT_CONVERSION = YES_AGGRESSIVE;
				CLANG_CXX_LANGUAGE_STANDARD = "gnu++20";
				CLANG_ENABLE_MODULES = YES;
				CLANG_ENABLE_OBJC_ARC = YES;
				CLANG_ENABLE_OBJC_WEAK = YES;
				CLANG_WARN_BLOCK_CAPTURE_AUTORELEASING = YES;
				CLANG_WARN_BOOL_CONVERSION = YES;
				CLANG_WARN_COMMA = YES;
				CLANG_WARN_CONSTANT_CONVERSION = YES;
				CLANG_WARN_DEPRECATED_OBJC_IMPLEMENTATIONS = YES;
				CLANG_WARN_DIRECT_OBJC_ISA_USAGE = YES_ERROR;
				CLANG_WARN_DOCUMENTATION_COMMENTS = YES;
				CLANG_WARN_EMPTY_BODY = YES;
				CLANG_WARN_ENUM_CONVERSION = YES;
				CLANG_WARN_INFINITE_RECURSION = YES;
				CLANG_WARN_INT_CONVERSION = YES;
				CLANG_WARN_NON_LITERAL_NULL_CONVERSION = YES;
				CLANG_WARN_OBJC_IMPLICIT_RETAIN_SELF = YES;
				CLANG_WARN_OBJC_LITERAL_CONVERSION = YES;
				CLANG_WARN_OBJC_ROOT_CLASS = YES_ERROR;
				CLANG_WARN_QUOTED_INCLUDE_IN_FRAMEWORK_HEADER = YES;
				CLANG_WARN_RANGE_LOOP_ANALYSIS = YES;
				CLANG_WARN_STRICT_PROTOTYPES = YES;
				CLANG_WARN_SUSPICIOUS_MOVE = YES;
				CLANG_WARN_UNGUARDED_AVAILABILITY = YES_AGGRESSIVE;
				CLANG_WARN_UNREACHABLE_CODE = YES;
				CLANG_WARN__DUPLICATE_METHOD_MATCH = YES;
				COPY_PHASE_STRIP = NO;
				DEBUG_INFORMATION_FORMAT = dwarf;
				ENABLE_STRICT_OBJC_MSGSEND = YES;
				ENABLE_TESTABILITY = YES;
				ENABLE_USER_SCRIPT_SANDBOXING = YES;
				GCC_C_LANGUAGE_STANDARD = gnu17;
				GCC_DYNAMIC_NO_PIC = NO;
				GCC_NO_COMMON_BLOCKS = YES;
				GCC_OPTIMIZATION_LEVEL = 0;
				GCC_PREPROCESSOR_DEFINITIONS = (
					"DEBUG=1",
					"$(inherited)",
				);
				GCC_WARN_64_TO_32_BIT_CONVERSION = YES;
				GCC_WARN_ABOUT_RETURN_TYPE = YES_ERROR;
				GCC_WARN_UNDECLARED_SELECTOR = YES;
				GCC_WARN_UNINITIALIZED_AUTOS = YES_AGGRESSIVE;
				GCC_WARN_UNUSED_FUNCTION = YES;
				GCC_WARN_UNUSED_VARIABLE = YES;
				LOCALIZATION_PREFERS_STRING_CATALOGS = YES;
				MTL_ENABLE_DEBUG_INFO = INCLUDE_SOURCE;
				MTL_FAST_MATH = YES;
				ONLY_ACTIVE_ARCH = YES;
				SWIFT_ACTIVE_COMPILATION_CONDITIONS = "DEBUG $(inherited)";
				SWIFT_OPTIMIZATION_LEVEL = "-Onone";
			};
			name = Debug;
		};
		D59A42D72BEA34B0001EB371 /* Release */ = {
			isa = XCBuildConfiguration;
			buildSettings = {
				ALWAYS_SEARCH_USER_PATHS = NO;
				ASSETCATALOG_COMPILER_GENERATE_SWIFT_ASSET_SYMBOL_EXTENSIONS = YES;
				CLANG_ANALYZER_NONNULL = YES;
				CLANG_ANALYZER_NUMBER_OBJECT_CONVERSION = YES_AGGRESSIVE;
				CLANG_CXX_LANGUAGE_STANDARD = "gnu++20";
				CLANG_ENABLE_MODULES = YES;
				CLANG_ENABLE_OBJC_ARC = YES;
				CLANG_ENABLE_OBJC_WEAK = YES;
				CLANG_WARN_BLOCK_CAPTURE_AUTORELEASING = YES;
				CLANG_WARN_BOOL_CONVERSION = YES;
				CLANG_WARN_COMMA = YES;
				CLANG_WARN_CONSTANT_CONVERSION = YES;
				CLANG_WARN_DEPRECATED_OBJC_IMPLEMENTATIONS = YES;
				CLANG_WARN_DIRECT_OBJC_ISA_USAGE = YES_ERROR;
				CLANG_WARN_DOCUMENTATION_COMMENTS = YES;
				CLANG_WARN_EMPTY_BODY = YES;
				CLANG_WARN_ENUM_CONVERSION = YES;
				CLANG_WARN_INFINITE_RECURSION = YES;
				CLANG_WARN_INT_CONVERSION = YES;
				CLANG_WARN_NON_LITERAL_NULL_CONVERSION = YES;
				CLANG_WARN_OBJC_IMPLICIT_RETAIN_SELF = YES;
				CLANG_WARN_OBJC_LITERAL_CONVERSION = YES;
				CLANG_WARN_OBJC_ROOT_CLASS = YES_ERROR;
				CLANG_WARN_QUOTED_INCLUDE_IN_FRAMEWORK_HEADER = YES;
				CLANG_WARN_RANGE_LOOP_ANALYSIS = YES;
				CLANG_WARN_STRICT_PROTOTYPES = YES;
				CLANG_WARN_SUSPICIOUS_MOVE = YES;
				CLANG_WARN_UNGUARDED_AVAILABILITY = YES_AGGRESSIVE;
				CLANG_WARN_UNREACHABLE_CODE = YES;
				CLANG_WARN__DUPLICATE_METHOD_MATCH = YES;
				COPY_PHASE_STRIP = NO;
				DEBUG_INFORMATION_FORMAT = "dwarf-with-dsym";
				ENABLE_NS_ASSERTIONS = NO;
				ENABLE_STRICT_OBJC_MSGSEND = YES;
				ENABLE_USER_SCRIPT_SANDBOXING = YES;
				GCC_C_LANGUAGE_STANDARD = gnu17;
				GCC_NO_COMMON_BLOCKS = YES;
				GCC_WARN_64_TO_32_BIT_CONVERSION = YES;
				GCC_WARN_ABOUT_RETURN_TYPE = YES_ERROR;
				GCC_WARN_UNDECLARED_SELECTOR = YES;
				GCC_WARN_UNINITIALIZED_AUTOS = YES_AGGRESSIVE;
				GCC_WARN_UNUSED_FUNCTION = YES;
				GCC_WARN_UNUSED_VARIABLE = YES;
				LOCALIZATION_PREFERS_STRING_CATALOGS = YES;
				MTL_ENABLE_DEBUG_INFO = NO;
				MTL_FAST_MATH = YES;
				SWIFT_COMPILATION_MODE = wholemodule;
			};
			name = Release;
		};
		D59A42D92BEA34B0001EB371 /* Debug */ = {
			isa = XCBuildConfiguration;
			buildSettings = {
				ASSETCATALOG_COMPILER_APPICON_NAME = AppIcon;
				ASSETCATALOG_COMPILER_GLOBAL_ACCENT_COLOR_NAME = AccentColor;
				CODE_SIGN_ENTITLEMENTS = HWSwiftUI/HWSwiftUI.entitlements;
				CODE_SIGN_STYLE = Automatic;
				CURRENT_PROJECT_VERSION = 1;
				DEVELOPMENT_ASSET_PATHS = "\"HWSwiftUI/Preview Content\"";
				DEVELOPMENT_TEAM = 972UQNJ5NV;
				ENABLE_HARDENED_RUNTIME = YES;
				ENABLE_PREVIEWS = YES;
				GENERATE_INFOPLIST_FILE = YES;
				"INFOPLIST_KEY_UIApplicationSceneManifest_Generation[sdk=iphoneos*]" = YES;
				"INFOPLIST_KEY_UIApplicationSceneManifest_Generation[sdk=iphonesimulator*]" = YES;
				"INFOPLIST_KEY_UIApplicationSupportsIndirectInputEvents[sdk=iphoneos*]" = YES;
				"INFOPLIST_KEY_UIApplicationSupportsIndirectInputEvents[sdk=iphonesimulator*]" = YES;
				"INFOPLIST_KEY_UILaunchScreen_Generation[sdk=iphoneos*]" = YES;
				"INFOPLIST_KEY_UILaunchScreen_Generation[sdk=iphonesimulator*]" = YES;
				"INFOPLIST_KEY_UIStatusBarStyle[sdk=iphoneos*]" = UIStatusBarStyleDefault;
				"INFOPLIST_KEY_UIStatusBarStyle[sdk=iphonesimulator*]" = UIStatusBarStyleDefault;
				INFOPLIST_KEY_UISupportedInterfaceOrientations_iPad = "UIInterfaceOrientationPortrait UIInterfaceOrientationPortraitUpsideDown UIInterfaceOrientationLandscapeLeft UIInterfaceOrientationLandscapeRight";
				INFOPLIST_KEY_UISupportedInterfaceOrientations_iPhone = "UIInterfaceOrientationPortrait UIInterfaceOrientationLandscapeLeft UIInterfaceOrientationLandscapeRight";
				IPHONEOS_DEPLOYMENT_TARGET = 17.2;
				LD_RUNPATH_SEARCH_PATHS = "@executable_path/Frameworks";
				"LD_RUNPATH_SEARCH_PATHS[sdk=macosx*]" = "@executable_path/../Frameworks";
				MACOSX_DEPLOYMENT_TARGET = 14.2;
				MARKETING_VERSION = 1.0;
				PRODUCT_BUNDLE_IDENTIFIER = com.play.swiftui.HWSwiftUI;
				PRODUCT_NAME = "$(TARGET_NAME)";
				SDKROOT = auto;
				SUPPORTED_PLATFORMS = "iphoneos iphonesimulator macosx";
				SWIFT_EMIT_LOC_STRINGS = YES;
				SWIFT_VERSION = 5.0;
				TARGETED_DEVICE_FAMILY = "1,2";
			};
			name = Debug;
		};
		D59A42DA2BEA34B0001EB371 /* Release */ = {
			isa = XCBuildConfiguration;
			buildSettings = {
				ASSETCATALOG_COMPILER_APPICON_NAME = AppIcon;
				ASSETCATALOG_COMPILER_GLOBAL_ACCENT_COLOR_NAME = AccentColor;
				CODE_SIGN_ENTITLEMENTS = HWSwiftUI/HWSwiftUI.entitlements;
				CODE_SIGN_STYLE = Automatic;
				CURRENT_PROJECT_VERSION = 1;
				DEVELOPMENT_ASSET_PATHS = "\"HWSwiftUI/Preview Content\"";
				DEVELOPMENT_TEAM = 972UQNJ5NV;
				ENABLE_HARDENED_RUNTIME = YES;
				ENABLE_PREVIEWS = YES;
				GENERATE_INFOPLIST_FILE = YES;
				"INFOPLIST_KEY_UIApplicationSceneManifest_Generation[sdk=iphoneos*]" = YES;
				"INFOPLIST_KEY_UIApplicationSceneManifest_Generation[sdk=iphonesimulator*]" = YES;
				"INFOPLIST_KEY_UIApplicationSupportsIndirectInputEvents[sdk=iphoneos*]" = YES;
				"INFOPLIST_KEY_UIApplicationSupportsIndirectInputEvents[sdk=iphonesimulator*]" = YES;
				"INFOPLIST_KEY_UILaunchScreen_Generation[sdk=iphoneos*]" = YES;
				"INFOPLIST_KEY_UILaunchScreen_Generation[sdk=iphonesimulator*]" = YES;
				"INFOPLIST_KEY_UIStatusBarStyle[sdk=iphoneos*]" = UIStatusBarStyleDefault;
				"INFOPLIST_KEY_UIStatusBarStyle[sdk=iphonesimulator*]" = UIStatusBarStyleDefault;
				INFOPLIST_KEY_UISupportedInterfaceOrientations_iPad = "UIInterfaceOrientationPortrait UIInterfaceOrientationPortraitUpsideDown UIInterfaceOrientationLandscapeLeft UIInterfaceOrientationLandscapeRight";
				INFOPLIST_KEY_UISupportedInterfaceOrientations_iPhone = "UIInterfaceOrientationPortrait UIInterfaceOrientationLandscapeLeft UIInterfaceOrientationLandscapeRight";
				IPHONEOS_DEPLOYMENT_TARGET = 17.2;
				LD_RUNPATH_SEARCH_PATHS = "@executable_path/Frameworks";
				"LD_RUNPATH_SEARCH_PATHS[sdk=macosx*]" = "@executable_path/../Frameworks";
				MACOSX_DEPLOYMENT_TARGET = 14.2;
				MARKETING_VERSION = 1.0;
				PRODUCT_BUNDLE_IDENTIFIER = com.play.swiftui.HWSwiftUI;
				PRODUCT_NAME = "$(TARGET_NAME)";
				SDKROOT = auto;
				SUPPORTED_PLATFORMS = "iphoneos iphonesimulator macosx";
				SWIFT_EMIT_LOC_STRINGS = YES;
				SWIFT_VERSION = 5.0;
				TARGETED_DEVICE_FAMILY = "1,2";
			};
			name = Release;
		};
/* End XCBuildConfiguration section */

/* Begin XCConfigurationList section */
		D59A42C42BEA34AE001EB371 /* Build configuration list for PBXProject "HWSwiftUI" */ = {
			isa = XCConfigurationList;
			buildConfigurations = (
				D59A42D62BEA34B0001EB371 /* Debug */,
				D59A42D72BEA34B0001EB371 /* Release */,
			);
			defaultConfigurationIsVisible = 0;
			defaultConfigurationName = Release;
		};
		D59A42D82BEA34B0001EB371 /* Build configuration list for PBXNativeTarget "HWSwiftUI" */ = {
			isa = XCConfigurationList;
			buildConfigurations = (
				D59A42D92BEA34B0001EB371 /* Debug */,
				D59A42DA2BEA34B0001EB371 /* Release */,
			);
			defaultConfigurationIsVisible = 0;
			defaultConfigurationName = Release;
		};
/* End XCConfigurationList section */
	};
	rootObject = D59A42C12BEA34AE001EB371 /* Project object */;
}
